
Microsoft Visual Studio Solution File, Format Version 12.00
# Visual Studio 14
VisualStudioVersion = 14.0.24720.0
MinimumVisualStudioVersion = 10.0.40219.1
Project("{FAE04EC0-301F-11D3-BF4B-00C04F79EFBC}") = "JustPlay.UI", "JustPlay.UI\JustPlay.UI.csproj", "{573CB4B3-2AF2-48E4-9AA6-9D6CC7A6AFB3}"
EndProject
Project("{2150E333-8FDC-42A3-9474-1A3956D46DE8}") = "Data", "Data", "{F1CDCF37-1F42-428B-AFDA-97251D61E90A}"
EndProject
Project("{FAE04EC0-301F-11D3-BF4B-00C04F79EFBC}") = "JustPlay.Data", "JustPlay.Data\JustPlay.Data.csproj", "{B08AB382-E070-4844-802C-40D9109DF6F5}"
EndProject
Project("{FAE04EC0-301F-11D3-BF4B-00C04F79EFBC}") = "JustPlay.Data.Models", "JustPlay.Data.Models\JustPlay.Data.Models.csproj", "{517A11B7-5584-42BA-BE85-53314871C4EA}"
EndProject
Project("{2150E333-8FDC-42A3-9474-1A3956D46DE8}") = "Web", "Web", "{E58577E9-A001-4BB9-A62B-84F8AB4A9C93}"
EndProject
Project("{FAE04EC0-301F-11D3-BF4B-00C04F79EFBC}") = "JustPlay.Web", "Web\JustPlay.Web\JustPlay.Web.csproj", "{755F7EE1-BA59-4AA6-A927-33F40E72D411}"
EndProject
Global
	GlobalSection(SolutionConfigurationPlatforms) = preSolution
		Debug|Any CPU = Debug|Any CPU
		Debug|ARM = Debug|ARM
		Debug|x64 = Debug|x64
		Debug|x86 = Debug|x86
		Release|Any CPU = Release|Any CPU
		Release|ARM = Release|ARM
		Release|x64 = Release|x64
		Release|x86 = Release|x86
	EndGlobalSection
	GlobalSection(ProjectConfigurationPlatforms) = postSolution
		{573CB4B3-2AF2-48E4-9AA6-9D6CC7A6AFB3}.Debug|Any CPU.ActiveCfg = Debug|x86
		{573CB4B3-2AF2-48E4-9AA6-9D6CC7A6AFB3}.Debug|ARM.ActiveCfg = Debug|ARM
		{573CB4B3-2AF2-48E4-9AA6-9D6CC7A6AFB3}.Debug|ARM.Build.0 = Debug|ARM
		{573CB4B3-2AF2-48E4-9AA6-9D6CC7A6AFB3}.Debug|ARM.Deploy.0 = Debug|ARM
		{573CB4B3-2AF2-48E4-9AA6-9D6CC7A6AFB3}.Debug|x64.ActiveCfg = Debug|x64
		{573CB4B3-2AF2-48E4-9AA6-9D6CC7A6AFB3}.Debug|x64.Build.0 = Debug|x64
		{573CB4B3-2AF2-48E4-9AA6-9D6CC7A6AFB3}.Debug|x64.Deploy.0 = Debug|x64
		{573CB4B3-2AF2-48E4-9AA6-9D6CC7A6AFB3}.Debug|x86.ActiveCfg = Debug|x86
		{573CB4B3-2AF2-48E4-9AA6-9D6CC7A6AFB3}.Debug|x86.Build.0 = Debug|x86
		{573CB4B3-2AF2-48E4-9AA6-9D6CC7A6AFB3}.Debug|x86.Deploy.0 = Debug|x86
		{573CB4B3-2AF2-48E4-9AA6-9D6CC7A6AFB3}.Release|Any CPU.ActiveCfg = Release|x86
		{573CB4B3-2AF2-48E4-9AA6-9D6CC7A6AFB3}.Release|ARM.ActiveCfg = Release|ARM
		{573CB4B3-2AF2-48E4-9AA6-9D6CC7A6AFB3}.Release|ARM.Build.0 = Release|ARM
		{573CB4B3-2AF2-48E4-9AA6-9D6CC7A6AFB3}.Release|ARM.Deploy.0 = Release|ARM
		{573CB4B3-2AF2-48E4-9AA6-9D6CC7A6AFB3}.Release|x64.ActiveCfg = Release|x64
		{573CB4B3-2AF2-48E4-9AA6-9D6CC7A6AFB3}.Release|x64.Build.0 = Release|x64
		{573CB4B3-2AF2-48E4-9AA6-9D6CC7A6AFB3}.Release|x64.Deploy.0 = Release|x64
		{573CB4B3-2AF2-48E4-9AA6-9D6CC7A6AFB3}.Release|x86.ActiveCfg = Release|x86
		{573CB4B3-2AF2-48E4-9AA6-9D6CC7A6AFB3}.Release|x86.Build.0 = Release|x86
		{573CB4B3-2AF2-48E4-9AA6-9D6CC7A6AFB3}.Release|x86.Deploy.0 = Release|x86
		{B08AB382-E070-4844-802C-40D9109DF6F5}.Debug|Any CPU.ActiveCfg = Debug|Any CPU
		{B08AB382-E070-4844-802C-40D9109DF6F5}.Debug|Any CPU.Build.0 = Debug|Any CPU
		{B08AB382-E070-4844-802C-40D9109DF6F5}.Debug|ARM.ActiveCfg = Debug|Any CPU
		{B08AB382-E070-4844-802C-40D9109DF6F5}.Debug|ARM.Build.0 = Debug|Any CPU
		{B08AB382-E070-4844-802C-40D9109DF6F5}.Debug|x64.ActiveCfg = Debug|Any CPU
		{B08AB382-E070-4844-802C-40D9109DF6F5}.Debug|x64.Build.0 = Debug|Any CPU
		{B08AB382-E070-4844-802C-40D9109DF6F5}.Debug|x86.ActiveCfg = Debug|Any CPU
		{B08AB382-E070-4844-802C-40D9109DF6F5}.Debug|x86.Build.0 = Debug|Any CPU
		{B08AB382-E070-4844-802C-40D9109DF6F5}.Release|Any CPU.ActiveCfg = Release|Any CPU
		{B08AB382-E070-4844-802C-40D9109DF6F5}.Release|Any CPU.Build.0 = Release|Any CPU
		{B08AB382-E070-4844-802C-40D9109DF6F5}.Release|ARM.ActiveCfg = Release|Any CPU
		{B08AB382-E070-4844-802C-40D9109DF6F5}.Release|ARM.Build.0 = Release|Any CPU
		{B08AB382-E070-4844-802C-40D9109DF6F5}.Release|x64.ActiveCfg = Release|Any CPU
		{B08AB382-E070-4844-802C-40D9109DF6F5}.Release|x64.Build.0 = Release|Any CPU
		{B08AB382-E070-4844-802C-40D9109DF6F5}.Release|x86.ActiveCfg = Release|Any CPU
		{B08AB382-E070-4844-802C-40D9109DF6F5}.Release|x86.Build.0 = Release|Any CPU
		{517A11B7-5584-42BA-BE85-53314871C4EA}.Debug|Any CPU.ActiveCfg = Debug|Any CPU
		{517A11B7-5584-42BA-BE85-53314871C4EA}.Debug|Any CPU.Build.0 = Debug|Any CPU
		{517A11B7-5584-42BA-BE85-53314871C4EA}.Debug|ARM.ActiveCfg = Debug|Any CPU
		{517A11B7-5584-42BA-BE85-53314871C4EA}.Debug|ARM.Build.0 = Debug|Any CPU
		{517A11B7-5584-42BA-BE85-53314871C4EA}.Debug|x64.ActiveCfg = Debug|Any CPU
		{517A11B7-5584-42BA-BE85-53314871C4EA}.Debug|x64.Build.0 = Debug|Any CPU
		{517A11B7-5584-42BA-BE85-53314871C4EA}.Debug|x86.ActiveCfg = Debug|Any CPU
		{517A11B7-5584-42BA-BE85-53314871C4EA}.Debug|x86.Build.0 = Debug|Any CPU
		{517A11B7-5584-42BA-BE85-53314871C4EA}.Release|Any CPU.ActiveCfg = Release|Any CPU
		{517A11B7-5584-42BA-BE85-53314871C4EA}.Release|Any CPU.Build.0 = Release|Any CPU
		{517A11B7-5584-42BA-BE85-53314871C4EA}.Release|ARM.ActiveCfg = Release|Any CPU
		{517A11B7-5584-42BA-BE85-53314871C4EA}.Release|ARM.Build.0 = Release|Any CPU
		{517A11B7-5584-42BA-BE85-53314871C4EA}.Release|x64.ActiveCfg = Release|Any CPU
		{517A11B7-5584-42BA-BE85-53314871C4EA}.Release|x64.Build.0 = Release|Any CPU
		{517A11B7-5584-42BA-BE85-53314871C4EA}.Release|x86.ActiveCfg = Release|Any CPU
		{517A11B7-5584-42BA-BE85-53314871C4EA}.Release|x86.Build.0 = Release|Any CPU
		{755F7EE1-BA59-4AA6-A927-33F40E72D411}.Debug|Any CPU.ActiveCfg = Debug|Any CPU
		{755F7EE1-BA59-4AA6-A927-33F40E72D411}.Debug|Any CPU.Build.0 = Debug|Any CPU
		{755F7EE1-BA59-4AA6-A927-33F40E72D411}.Debug|ARM.ActiveCfg = Debug|Any CPU
		{755F7EE1-BA59-4AA6-A927-33F40E72D411}.Debug|ARM.Build.0 = Debug|Any CPU
		{755F7EE1-BA59-4AA6-A927-33F40E72D411}.Debug|x64.ActiveCfg = Debug|Any CPU
		{755F7EE1-BA59-4AA6-A927-33F40E72D411}.Debug|x64.Build.0 = Debug|Any CPU
		{755F7EE1-BA59-4AA6-A927-33F40E72D411}.Debug|x86.ActiveCfg = Debug|Any CPU
		{755F7EE1-BA59-4AA6-A927-33F40E72D411}.Debug|x86.Build.0 = Debug|Any CPU
		{755F7EE1-BA59-4AA6-A927-33F40E72D411}.Release|Any CPU.ActiveCfg = Release|Any CPU
		{755F7EE1-BA59-4AA6-A927-33F40E72D411}.Release|Any CPU.Build.0 = Release|Any CPU
		{755F7EE1-BA59-4AA6-A927-33F40E72D411}.Release|ARM.ActiveCfg = Release|Any CPU
		{755F7EE1-BA59-4AA6-A927-33F40E72D411}.Release|ARM.Build.0 = Release|Any CPU
		{755F7EE1-BA59-4AA6-A927-33F40E72D411}.Release|x64.ActiveCfg = Release|Any CPU
		{755F7EE1-BA59-4AA6-A927-33F40E72D411}.Release|x64.Build.0 = Release|Any CPU
		{755F7EE1-BA59-4AA6-A927-33F40E72D411}.Release|x86.ActiveCfg = Release|Any CPU
		{755F7EE1-BA59-4AA6-A927-33F40E72D411}.Release|x86.Build.0 = Release|Any CPU
	EndGlobalSection
	GlobalSection(SolutionProperties) = preSolution
		HideSolutionNode = FALSE
	EndGlobalSection
	GlobalSection(NestedProjects) = preSolution
		{B08AB382-E070-4844-802C-40D9109DF6F5} = {F1CDCF37-1F42-428B-AFDA-97251D61E90A}
		{517A11B7-5584-42BA-BE85-53314871C4EA} = {F1CDCF37-1F42-428B-AFDA-97251D61E90A}
		{755F7EE1-BA59-4AA6-A927-33F40E72D411} = {E58577E9-A001-4BB9-A62B-84F8AB4A9C93}
	EndGlobalSection
EndGlobal
